
Microsoft Visual Studio Solution File, Format Version 12.00
Project("{FAE04EC0-301F-11D3-BF4B-00C04F79EFBC}") = "Open_Closed_Principle", "Open_Closed_Principle\Open_Closed_Principle.csproj", "{A6DFA3B9-096D-4E3F-9788-E2FC6DFBABDC}"
EndProject
Global
	GlobalSection(SolutionConfigurationPlatforms) = preSolution
		Debug|Any CPU = Debug|Any CPU
		Release|Any CPU = Release|Any CPU
	EndGlobalSection
	GlobalSection(ProjectConfigurationPlatforms) = postSolution
		{A6DFA3B9-096D-4E3F-9788-E2FC6DFBABDC}.Debug|Any CPU.ActiveCfg = Debug|Any CPU
		{A6DFA3B9-096D-4E3F-9788-E2FC6DFBABDC}.Debug|Any CPU.Build.0 = Debug|Any CPU
		{A6DFA3B9-096D-4E3F-9788-E2FC6DFBABDC}.Release|Any CPU.ActiveCfg = Release|Any CPU
		{A6DFA3B9-096D-4E3F-9788-E2FC6DFBABDC}.Release|Any CPU.Build.0 = Release|Any CPU
	EndGlobalSection
EndGlobal
